{
  "nodes": {
    "darwin": {
      "inputs": {
        "nixpkgs": [
          "nixpkgs"
        ]
      },
      "locked": {
        "lastModified": 1721719500,
        "narHash": "sha256-nnkqjv4Y37Hydjh6HE9wW4kSkV5Q7q4iIXlL5lwUFOw=",
        "owner": "LnL7",
        "repo": "nix-darwin",
        "rev": "884f3fe6d9bf056ba0017c132c39c1f0d07d4fec",
        "type": "github"
      },
      "original": {
        "owner": "LnL7",
        "ref": "master",
        "repo": "nix-darwin",
        "type": "github"
      }
    },
    "flake-utils": {
      "inputs": {
        "systems": "systems"
      },
      "locked": {
        "lastModified": 1710146030,
        "narHash": "sha256-SZ5L6eA7HJ/nmkzGG7/ISclqe6oZdOZTNoesiInkXPQ=",
        "owner": "numtide",
        "repo": "flake-utils",
        "rev": "b1d9ab70662946ef0850d488da1c9019f3a9752a",
        "type": "github"
      },
      "original": {
        "owner": "numtide",
        "repo": "flake-utils",
        "type": "github"
      }
    },
    "home-manager": {
      "inputs": {
        "nixpkgs": [
          "nixpkgs"
        ]
      },
      "locked": {
        "lastModified": 1721852138,
        "narHash": "sha256-JH8N5uoqoVA6erV4O40VtKKHsnfmhvMGbxMNDLtim5o=",
        "owner": "nix-community",
        "repo": "home-manager",
        "rev": "304a011325b7ac7b8c9950333cd215a7aa146b0e",
        "type": "github"
      },
      "original": {
        "owner": "nix-community",
        "repo": "home-manager",
        "type": "github"
      }
    },
    "nixpkgs": {
      "locked": {
        "lastModified": 1721743106,
        "narHash": "sha256-adRZhFpBTnHiK3XIELA3IBaApz70HwCYfv7xNrHjebA=",
        "owner": "nixos",
        "repo": "nixpkgs",
        "rev": "dc14ed91132ee3a26255d01d8fd0c1f5bff27b2f",
        "type": "github"
      },
      "original": {
        "owner": "nixos",
        "ref": "nixos-unstable",
        "repo": "nixpkgs",
        "type": "github"
      }
    },
    "root": {
      "inputs": {
        "darwin": "darwin",
        "home-manager": "home-manager",
        "nixpkgs": "nixpkgs",
        "yazi": "yazi"
      }
    },
    "rust-overlay": {
      "inputs": {
        "flake-utils": [
          "yazi",
          "flake-utils"
        ],
        "nixpkgs": [
          "yazi",
          "nixpkgs"
        ]
      },
      "locked": {
        "lastModified": 1716085073,
        "narHash": "sha256-3+9gI93XxszWA2+9S2xZfws1QArPX/MC6nahOGpcMB4=",
        "owner": "oxalica",
        "repo": "rust-overlay",
        "rev": "cfc8776011bd83508324115d353222475e1601c0",
        "type": "github"
      },
      "original": {
        "owner": "oxalica",
        "repo": "rust-overlay",
        "type": "github"
      }
    },
    "systems": {
      "locked": {
        "lastModified": 1681028828,
        "narHash": "sha256-Vy1rq5AaRuLzOxct8nz4T6wlgyUR7zLU309k9mBC768=",
        "owner": "nix-systems",
        "repo": "default",
        "rev": "da67096a3b9bf56a91d16901293e51ba5b49a27e",
        "type": "github"
      },
      "original": {
        "owner": "nix-systems",
        "repo": "default",
        "type": "github"
      }
    },
    "yazi": {
      "inputs": {
        "flake-utils": "flake-utils",
        "nixpkgs": [
          "nixpkgs"
        ],
        "rust-overlay": "rust-overlay"
      },
      "locked": {
        "lastModified": 1721924078,
        "narHash": "sha256-3QLeqMET0oNILOPn6bSTHyZnLfN1zLcBGzlUus3anRA=",
        "owner": "sxyazi",
        "repo": "yazi",
        "rev": "c086f2f34d8aa33249ae23b535b329c9e97aed0f",
        "type": "github"
      },
      "original": {
        "owner": "sxyazi",
        "repo": "yazi",
        "type": "github"
      }
    }
  },
  "root": "root",
  "version": 7
}
