name: "Update flake.lock"
on:
  schedule:
    # Every Sunday at 02:00 UTC
    - cron: "0 2 * * 0"
  workflow_dispatch:
permissions:
  contents: read
jobs:
  update:
    runs-on: ubuntu-latest
    steps:
      - uses: actions/checkout@v7
      - uses: cachix/install-nix-action@v31
        with:
          github_access_token: ${{ secrets.GITHUB_TOKEN }}
      - name: Update flake.lock & open PR
        uses: DeterminateSystems/update-flake-lock@v28
        with:
          commit-msg: "chore: update flake.lock"
          pr-title: "chore: update flake.lock"
          pr-body: |
            Automated update of `flake.lock`.

            A lightweight `nix flake check` will run in CI; the full
            multi-platform build matrix will follow as standard PR checks.
          branch: update-flake-lock
          token: ${{ secrets.BOT_PAT }}
