# -----------------------------------------------------------------------------
# Workflow: update-flake-lock.yml
#
# Purpose
#   • Runs `DeterminateSystems/update-flake-lock` to bump `flake.lock`
#   • Opens/updates a PR when changes are found
#
# Multi-platform validation and the ready-to-merge notification are handled by CI.
# -----------------------------------------------------------------------------
name: "Update flake.lock"
on:
  schedule:
    # Every Sunday at 02:00 UTC
    - cron: "0 2 * * 0"
  workflow_dispatch:
permissions:
  contents: write # push branch with new lockfile
  pull-requests: write # open / update PR
  actions: write # allow this workflow to trigger CI
jobs:
  update:
    runs-on: ubuntu-latest
    env:
      PR_BRANCH: update-flake-lock
    steps:
      - uses: actions/checkout@v7 # Checkout repo
      - uses: cachix/install-nix-action@v31 # Install Nix
        with:
          github_access_token: ${{ secrets.GITHUB_TOKEN }}
      # Update flake inputs + Open pull request
      - name: Update flake.lock & open PR
        id: update-flake
        uses: DeterminateSystems/update-flake-lock@v28
        with:
          commit-msg: "chore: update flake.lock"
          pr-title: "chore: update flake.lock"
          # Short PR body; CI runs will appear automatically
          pr-body: |
            Automated update of `flake.lock`.

            A lightweight `nix flake check` will run in CI; the full
            multi-platform build matrix will follow as standard PR checks.
          branch: ${{ env.PR_BRANCH }}
          token: ${{ secrets.BOT_PAT }}
